
Microsoft Visual Studio Solution File, Format Version 12.00
# Visual Studio Version 16
VisualStudioVersion = 16.0.29209.62
MinimumVisualStudioVersion = 10.0.40219.1
Project("{FAE04EC0-301F-11D3-BF4B-00C04F79EFBC}") = "SQLServerTimeConversion", "SQLServerTimeConversion.csproj", "{79DE1470-C62C-4712-9494-907CE1C542F3}"
EndProject
Global
	GlobalSection(SolutionConfigurationPlatforms) = preSolution
		Debug|Any CPU = Debug|Any CPU
		Release|Any CPU = Release|Any CPU
	EndGlobalSection
	GlobalSection(ProjectConfigurationPlatforms) = postSolution
		{79DE1470-C62C-4712-9494-907CE1C542F3}.Debug|Any CPU.ActiveCfg = Debug|Any CPU
		{79DE1470-C62C-4712-9494-907CE1C542F3}.Debug|Any CPU.Build.0 = Debug|Any CPU
		{79DE1470-C62C-4712-9494-907CE1C542F3}.Release|Any CPU.ActiveCfg = Release|Any CPU
		{79DE1470-C62C-4712-9494-907CE1C542F3}.Release|Any CPU.Build.0 = Release|Any CPU
	EndGlobalSection
	GlobalSection(SolutionProperties) = preSolution
		HideSolutionNode = FALSE
	EndGlobalSection
	GlobalSection(ExtensibilityGlobals) = postSolution
		SolutionGuid = {CF3F3814-40D6-4032-A387-21914859DCA7}
	EndGlobalSection
EndGlobal
